
Microsoft Visual Studio Solution File, Format Version 12.00
# Visual Studio 14
VisualStudioVersion = 14.0.25420.1
MinimumVisualStudioVersion = 10.0.40219.1
Project("{FAE04EC0-301F-11D3-BF4B-00C04F79EFBC}") = "TinyCMS", "TinyCMS\TinyCMS.csproj", "{DD20BD53-58B0-47CA-BE50-554511DCE754}"
EndProject
Project("{FAE04EC0-301F-11D3-BF4B-00C04F79EFBC}") = "TinyRepo", "TinyRepo\TinyRepo.csproj", "{84383806-C7C3-4730-A624-824946919069}"
EndProject
Global
	GlobalSection(SolutionConfigurationPlatforms) = preSolution
		Debug|Any CPU = Debug|Any CPU
		Release|Any CPU = Release|Any CPU
	EndGlobalSection
	GlobalSection(ProjectConfigurationPlatforms) = postSolution
		{DD20BD53-58B0-47CA-BE50-554511DCE754}.Debug|Any CPU.ActiveCfg = Debug|Any CPU
		{DD20BD53-58B0-47CA-BE50-554511DCE754}.Debug|Any CPU.Build.0 = Debug|Any CPU
		{DD20BD53-58B0-47CA-BE50-554511DCE754}.Release|Any CPU.ActiveCfg = Release|Any CPU
		{DD20BD53-58B0-47CA-BE50-554511DCE754}.Release|Any CPU.Build.0 = Release|Any CPU
		{84383806-C7C3-4730-A624-824946919069}.Debug|Any CPU.ActiveCfg = Debug|Any CPU
		{84383806-C7C3-4730-A624-824946919069}.Debug|Any CPU.Build.0 = Debug|Any CPU
		{84383806-C7C3-4730-A624-824946919069}.Release|Any CPU.ActiveCfg = Release|Any CPU
		{84383806-C7C3-4730-A624-824946919069}.Release|Any CPU.Build.0 = Release|Any CPU
	EndGlobalSection
	GlobalSection(SolutionProperties) = preSolution
		HideSolutionNode = FALSE
	EndGlobalSection
EndGlobal
